
Microsoft Visual Studio Solution File, Format Version 12.00
# Visual Studio Version 17
VisualStudioVersion = 17.5.002.0
MinimumVisualStudioVersion = 10.0.40219.1
Project("{9A19103F-16F7-4668-BE54-9A1E7A4F7556}") = "project.net12", "project.net12.csproj", "{97526E2B-0BE7-4D70-90B6-FD9C6038B5F1}"
EndProject
Global
	GlobalSection(SolutionConfigurationPlatforms) = preSolution
		Debug|Any CPU = Debug|Any CPU
		Release|Any CPU = Release|Any CPU
	EndGlobalSection
	GlobalSection(ProjectConfigurationPlatforms) = postSolution
		{97526E2B-0BE7-4D70-90B6-FD9C6038B5F1}.Debug|Any CPU.ActiveCfg = Debug|Any CPU
		{97526E2B-0BE7-4D70-90B6-FD9C6038B5F1}.Debug|Any CPU.Build.0 = Debug|Any CPU
		{97526E2B-0BE7-4D70-90B6-FD9C6038B5F1}.Release|Any CPU.ActiveCfg = Release|Any CPU
		{97526E2B-0BE7-4D70-90B6-FD9C6038B5F1}.Release|Any CPU.Build.0 = Release|Any CPU
	EndGlobalSection
	GlobalSection(SolutionProperties) = preSolution
		HideSolutionNode = FALSE
	EndGlobalSection
	GlobalSection(ExtensibilityGlobals) = postSolution
		SolutionGuid = {C0BCEC04-6493-4E12-A822-8908FE8631C0}
	EndGlobalSection
EndGlobal
